github.com/bitwormhole/go-wormhole-core v0.0.0-20210110070354-6f66b3f4a44c h1:U/RjRmi31IUCG+Jdr2rEax01nB9tjZOyYXc0NqTClz0=
github.com/bitwormhole/go-wormhole-core v0.0.0-20210110070354-6f66b3f4a44c/go.mod h1:neBK3vXCK+BrCKRcdnwDBLfkKdbhbQ+IMYnvwuD4uWk=
github.com/bitwormhole/go-wormhole-core v0.0.0-20210118102432-3b423643e831 h1:+IyZgZF49kaL9ahecQ9otASGjlg2601gfw79siHseQg=
github.com/bitwormhole/go-wormhole-core v0.0.0-20210118102432-3b423643e831/go.mod h1:neBK3vXCK+BrCKRcdnwDBLfkKdbhbQ+IMYnvwuD4uWk=
